// !$*UTF8*$!
{
	archiveVersion = 1;
	classes = {
	};
	objectVersion = 46;
	objects = {

/* Begin PBXBuildFile section */
		687EADD31C2970A400218335 /* AppDelegate.swift in Sources */ = {isa = PBXBuildFile; fileRef = 687EADD21C2970A400218335 /* AppDelegate.swift */; };
		687EADD51C2970A400218335 /* ViewController.swift in Sources */ = {isa = PBXBuildFile; fileRef = 687EADD41C2970A400218335 /* ViewController.swift */; };
		687EADD81C2970A500218335 /* Main.storyboard in Resources */ = {isa = PBXBuildFile; fileRef = 687EADD61C2970A500218335 /* Main.storyboard */; };
		687EADDA1C2970A500218335 /* Assets.xcassets in Resources */ = {isa = PBXBuildFile; fileRef = 687EADD91C2970A500218335 /* Assets.xcassets */; };
		687EADDD1C2970A500218335 /* LaunchScreen.storyboard in Resources */ = {isa = PBXBuildFile; fileRef = 687EADDB1C2970A500218335 /* LaunchScreen.storyboard */; };
		687EADE91C2970CE00218335 /* f1.png in Resources */ = {isa = PBXBuildFile; fileRef = 687EADE41C2970CE00218335 /* f1.png */; };
		687EADF21C29799A00218335 /* f2.png in Resources */ = {isa = PBXBuildFile; fileRef = 687EADEE1C29799A00218335 /* f2.png */; };
		687EADF31C29799A00218335 /* f3.png in Resources */ = {isa = PBXBuildFile; fileRef = 687EADEF1C29799A00218335 /* f3.png */; };
		687EADF41C29799A00218335 /* f4.png in Resources */ = {isa = PBXBuildFile; fileRef = 687EADF01C29799A00218335 /* f4.png */; };
		687EADF51C29799A00218335 /* f5.png in Resources */ = {isa = PBXBuildFile; fileRef = 687EADF11C29799A00218335 /* f5.png */; };
/* End PBXBuildFile section */

/* Begin PBXFileReference section */
		687EADCF1C2970A400218335 /* Image Animations.app */ = {isa = PBXFileReference; explicitFileType = wrapper.application; includeInIndex = 0; path = "Image Animations.app"; sourceTree = BUILT_PRODUCTS_DIR; };
		687EADD21C2970A400218335 /* AppDelegate.swift */ = {isa = PBXFileReference; lastKnownFileType = sourcecode.swift; path = AppDelegate.swift; sourceTree = "<group>"; };
		687EADD41C2970A400218335 /* ViewController.swift */ = {isa = PBXFileReference; lastKnownFileType = sourcecode.swift; path = ViewController.swift; sourceTree = "<group>"; };
		687EADD71C2970A500218335 /* Base */ = {isa = PBXFileReference; lastKnownFileType = file.storyboard; name = Base; path = Base.lproj/Main.storyboard; sourceTree = "<group>"; };
		687EADD91C2970A500218335 /* Assets.xcassets */ = {isa = PBXFileReference; lastKnownFileType = folder.assetcatalog; path = Assets.xcassets; sourceTree = "<group>"; };
		687EADDC1C2970A500218335 /* Base */ = {isa = PBXFileReference; lastKnownFileType = file.storyboard; name = Base; path = Base.lproj/LaunchScreen.storyboard; sourceTree = "<group>"; };
		687EADDE1C2970A500218335 /* Info.plist */ = {isa = PBXFileReference; lastKnownFileType = text.plist.xml; path = Info.plist; sourceTree = "<group>"; };
		687EADE41C2970CE00218335 /* f1.png */ = {isa = PBXFileReference; lastKnownFileType = image.png; name = f1.png; path = ../f1.png; sourceTree = "<group>"; };
		687EADEE1C29799A00218335 /* f2.png */ = {isa = PBXFileReference; lastKnownFileType = image.png; path = f2.png; sourceTree = "<group>"; };
		687EADEF1C29799A00218335 /* f3.png */ = {isa = PBXFileReference; lastKnownFileType = image.png; path = f3.png; sourceTree = "<group>"; };
		687EADF01C29799A00218335 /* f4.png */ = {isa = PBXFileReference; lastKnownFileType = image.png; path = f4.png; sourceTree = "<group>"; };
		687EADF11C29799A00218335 /* f5.png */ = {isa = PBXFileReference; lastKnownFileType = image.png; path = f5.png; sourceTree = "<group>"; };
/* End PBXFileReference section */

/* Begin PBXFrameworksBuildPhase section */
		687EADCC1C2970A400218335 /* Frameworks */ = {
			isa = PBXFrameworksBuildPhase;
			buildActionMask = 2147483647;
			files = (
			);
			runOnlyForDeploymentPostprocessing = 0;
		};
/* End PBXFrameworksBuildPhase section */

/* Begin PBXGroup section */
		687EADC61C2970A400218335 = {
			isa = PBXGroup;
			children = (
				687EADD11C2970A400218335 /* Image Animations */,
				687EADD01C2970A400218335 /* Products */,
			);
			sourceTree = "<group>";
		};
		687EADD01C2970A400218335 /* Products */ = {
			isa = PBXGroup;
			children = (
				687EADCF1C2970A400218335 /* Image Animations.app */,
			);
			name = Products;
			sourceTree = "<group>";
		};
		687EADD11C2970A400218335 /* Image Animations */ = {
			isa = PBXGroup;
			children = (
				687EADD21C2970A400218335 /* AppDelegate.swift */,
				687EADEE1C29799A00218335 /* f2.png */,
				687EADEF1C29799A00218335 /* f3.png */,
				687EADF01C29799A00218335 /* f4.png */,
				687EADF11C29799A00218335 /* f5.png */,
				687EADE41C2970CE00218335 /* f1.png */,
				687EADD41C2970A400218335 /* ViewController.swift */,
				687EADD61C2970A500218335 /* Main.storyboard */,
				687EADD91C2970A500218335 /* Assets.xcassets */,
				687EADDB1C2970A500218335 /* LaunchScreen.storyboard */,
				687EADDE1C2970A500218335 /* Info.plist */,
			);
			path = "Image Animations";
			sourceTree = "<group>";
		};
/* End PBXGroup section */

/* Begin PBXNativeTarget section */
		687EADCE1C2970A400218335 /* Image Animations */ = {
			isa = PBXNativeTarget;
			buildConfigurationList = 687EADE11C2970A500218335 /* Build configuration list for PBXNativeTarget "Image Animations" */;
			buildPhases = (
				687EADCB1C2970A400218335 /* Sources */,
				687EADCC1C2970A400218335 /* Frameworks */,
				687EADCD1C2970A400218335 /* Resources */,
			);
			buildRules = (
			);
			dependencies = (
			);
			name = "Image Animations";
			productName = "Image Animations";
			productReference = 687EADCF1C2970A400218335 /* Image Animations.app */;
			productType = "com.apple.product-type.application";
		};
/* End PBXNativeTarget section */

/* Begin PBXProject section */
		687EADC71C2970A400218335 /* Project object */ = {
			isa = PBXProject;
			attributes = {
				LastSwiftUpdateCheck = 0710;
				LastUpgradeCheck = 0710;
				ORGANIZATIONNAME = SoluAppHouse;
				TargetAttributes = {
					687EADCE1C2970A400218335 = {
						CreatedOnToolsVersion = 7.1.1;
						DevelopmentTeam = QCNSV5U33C;
					};
				};
			};
			buildConfigurationList = 687EADCA1C2970A400218335 /* Build configuration list for PBXProject "Image Animations" */;
			compatibilityVersion = "Xcode 3.2";
			developmentRegion = English;
			hasScannedForEncodings = 0;
			knownRegions = (
				en,
				Base,
			);
			mainGroup = 687EADC61C2970A400218335;
			productRefGroup = 687EADD01C2970A400218335 /* Products */;
			projectDirPath = "";
			projectRoot = "";
			targets = (
				687EADCE1C2970A400218335 /* Image Animations */,
			);
		};
/* End PBXProject section */

/* Begin PBXResourcesBuildPhase section */
		687EADCD1C2970A400218335 /* Resources */ = {
			isa = PBXResourcesBuildPhase;
			buildActionMask = 2147483647;
			files = (
				687EADF21C29799A00218335 /* f2.png in Resources */,
				687EADE91C2970CE00218335 /* f1.png in Resources */,
				687EADDD1C2970A500218335 /* LaunchScreen.storyboard in Resources */,
				687EADDA1C2970A500218335 /* Assets.xcassets in Resources */,
				687EADF51C29799A00218335 /* f5.png in Resources */,
				687EADF31C29799A00218335 /* f3.png in Resources */,
				687EADD81C2970A500218335 /* Main.storyboard in Resources */,
				687EADF41C29799A00218335 /* f4.png in Resources */,
			);
			runOnlyForDeploymentPostprocessing = 0;
		};
/* End PBXResourcesBuildPhase section */

/* Begin PBXSourcesBuildPhase section */
		687EADCB1C2970A400218335 /* Sources */ = {
			isa = PBXSourcesBuildPhase;
			buildActionMask = 2147483647;
			files = (
				687EADD51C2970A400218335 /* ViewController.swift in Sources */,
				687EADD31C2970A400218335 /* AppDelegate.swift in Sources */,
			);
			runOnlyForDeploymentPostprocessing = 0;
		};
/* End PBXSourcesBuildPhase section */

/* Begin PBXVariantGroup section */
		687EADD61C2970A500218335 /* Main.storyboard */ = {
			isa = PBXVariantGroup;
			children = (
				687EADD71C2970A500218335 /* Base */,
			);
			name = Main.storyboard;
			sourceTree = "<group>";
		};
		687EADDB1C2970A500218335 /* LaunchScreen.storyboard */ = {
			isa = PBXVariantGroup;
			children = (
				687EADDC1C2970A500218335 /* Base */,
			);
			name = LaunchScreen.storyboard;
			sourceTree = "<group>";
		};
/* End PBXVariantGroup section */

/* Begin XCBuildConfiguration section */
		687EADDF1C2970A500218335 /* Debug */ = {
			isa = XCBuildConfiguration;
			buildSettings = {
				ALWAYS_SEARCH_USER_PATHS = NO;
				CLANG_CXX_LANGUAGE_STANDARD = "gnu++0x";
				CLANG_CXX_LIBRARY = "libc++";
				CLANG_ENABLE_MODULES = YES;
				CLANG_ENABLE_OBJC_ARC = YES;
				CLANG_WARN_BOOL_CONVERSION = YES;
				CLANG_WARN_CONSTANT_CONVERSION = YES;
				CLANG_WARN_DIRECT_OBJC_ISA_USAGE = YES_ERROR;
				CLANG_WARN_EMPTY_BODY = YES;
				CLANG_WARN_ENUM_CONVERSION = YES;
				CLANG_WARN_INT_CONVERSION = YES;
				CLANG_WARN_OBJC_ROOT_CLASS = YES_ERROR;
				CLANG_WARN_UNREACHABLE_CODE = YES;
				CLANG_WARN__DUPLICATE_METHOD_MATCH = YES;
				"CODE_SIGN_IDENTITY[sdk=iphoneos*]" = "iPhone Developer";
				COPY_PHASE_STRIP = NO;
				DEBUG_INFORMATION_FORMAT = dwarf;
				ENABLE_STRICT_OBJC_MSGSEND = YES;
				ENABLE_TESTABILITY = YES;
				GCC_C_LANGUAGE_STANDARD = gnu99;
				GCC_DYNAMIC_NO_PIC = NO;
				GCC_NO_COMMON_BLOCKS = YES;
				GCC_OPTIMIZATION_LEVEL = 0;
				GCC_PREPROCESSOR_DEFINITIONS = (
					"DEBUG=1",
					"$(inherited)",
				);
				GCC_WARN_64_TO_32_BIT_CONVERSION = YES;
				GCC_WARN_ABOUT_RETURN_TYPE = YES_ERROR;
				GCC_WARN_UNDECLARED_SELECTOR = YES;
				GCC_WARN_UNINITIALIZED_AUTOS = YES_AGGRESSIVE;
				GCC_WARN_UNUSED_FUNCTION = YES;
				GCC_WARN_UNUSED_VARIABLE = YES;
				IPHONEOS_DEPLOYMENT_TARGET = 9.1;
				MTL_ENABLE_DEBUG_INFO = YES;
				ONLY_ACTIVE_ARCH = YES;
				SDKROOT = iphoneos;
				SWIFT_OPTIMIZATION_LEVEL = "-Onone";
			};
			name = Debug;
		};
		687EADE01C2970A500218335 /* Release */ = {
			isa = XCBuildConfiguration;
			buildSettings = {
				ALWAYS_SEARCH_USER_PATHS = NO;
				CLANG_CXX_LANGUAGE_STANDARD = "gnu++0x";
				CLANG_CXX_LIBRARY = "libc++";
				CLANG_ENABLE_MODULES = YES;
				CLANG_ENABLE_OBJC_ARC = YES;
				CLANG_WARN_BOOL_CONVERSION = YES;
				CLANG_WARN_CONSTANT_CONVERSION = YES;
				CLANG_WARN_DIRECT_OBJC_ISA_USAGE = YES_ERROR;
				CLANG_WARN_EMPTY_BODY = YES;
				CLANG_WARN_ENUM_CONVERSION = YES;
				CLANG_WARN_INT_CONVERSION = YES;
				CLANG_WARN_OBJC_ROOT_CLASS = YES_ERROR;
				CLANG_WARN_UNREACHABLE_CODE = YES;
				CLANG_WARN__DUPLICATE_METHOD_MATCH = YES;
				"CODE_SIGN_IDENTITY[sdk=iphoneos*]" = "iPhone Developer";
				COPY_PHASE_STRIP = NO;
				DEBUG_INFORMATION_FORMAT = "dwarf-with-dsym";
				ENABLE_NS_ASSERTIONS = NO;
				ENABLE_STRICT_OBJC_MSGSEND = YES;
				GCC_C_LANGUAGE_STANDARD = gnu99;
				GCC_NO_COMMON_BLOCKS = YES;
				GCC_WARN_64_TO_32_BIT_CONVERSION = YES;
				GCC_WARN_ABOUT_RETURN_TYPE = YES_ERROR;
				GCC_WARN_UNDECLARED_SELECTOR = YES;
				GCC_WARN_UNINITIALIZED_AUTOS = YES_AGGRESSIVE;
				GCC_WARN_UNUSED_FUNCTION = YES;
				GCC_WARN_UNUSED_VARIABLE = YES;
				IPHONEOS_DEPLOYMENT_TARGET = 9.1;
				MTL_ENABLE_DEBUG_INFO = NO;
				SDKROOT = iphoneos;
				VALIDATE_PRODUCT = YES;
			};
			name = Release;
		};
		687EADE21C2970A500218335 /* Debug */ = {
			isa = XCBuildConfiguration;
			buildSettings = {
				ASSETCATALOG_COMPILER_APPICON_NAME = AppIcon;
				INFOPLIST_FILE = "Image Animations/Info.plist";
				LD_RUNPATH_SEARCH_PATHS = "$(inherited) @executable_path/Frameworks";
				PRODUCT_BUNDLE_IDENTIFIER = "com.soluapphouse.Image-Animations";
				PRODUCT_NAME = "$(TARGET_NAME)";
			};
			name = Debug;
		};
		687EADE31C2970A500218335 /* Release */ = {
			isa = XCBuildConfiguration;
			buildSettings = {
				ASSETCATALOG_COMPILER_APPICON_NAME = AppIcon;
				INFOPLIST_FILE = "Image Animations/Info.plist";
				LD_RUNPATH_SEARCH_PATHS = "$(inherited) @executable_path/Frameworks";
				PRODUCT_BUNDLE_IDENTIFIER = "com.soluapphouse.Image-Animations";
				PRODUCT_NAME = "$(TARGET_NAME)";
			};
			name = Release;
		};
/* End XCBuildConfiguration section */

/* Begin XCConfigurationList section */
		687EADCA1C2970A400218335 /* Build configuration list for PBXProject "Image Animations" */ = {
			isa = XCConfigurationList;
			buildConfigurations = (
				687EADDF1C2970A500218335 /* Debug */,
				687EADE01C2970A500218335 /* Release */,
			);
			defaultConfigurationIsVisible = 0;
			defaultConfigurationName = Release;
		};
		687EADE11C2970A500218335 /* Build configuration list for PBXNativeTarget "Image Animations" */ = {
			isa = XCConfigurationList;
			buildConfigurations = (
				687EADE21C2970A500218335 /* Debug */,
				687EADE31C2970A500218335 /* Release */,
			);
			defaultConfigurationIsVisible = 0;
		};
/* End XCConfigurationList section */
	};
	rootObject = 687EADC71C2970A400218335 /* Project object */;
}
